// !$*UTF8*$!
{
	archiveVersion = 1;
	classes = {
	};
	objectVersion = 46;
	objects = {

/* Begin PBXBuildFile section */
		BF1AC6491E87E12700BD1021 /* StudentAccountViewController.swift in Sources */ = {isa = PBXBuildFile; fileRef = BF1AC6481E87E12700BD1021 /* StudentAccountViewController.swift */; };
		BF1AC64B1E87E15000BD1021 /* TeacherAccountViewController.swift in Sources */ = {isa = PBXBuildFile; fileRef = BF1AC64A1E87E15000BD1021 /* TeacherAccountViewController.swift */; };
		BF1FDCB41E40AAB1009E2B89 /* CustomCheckBox.swift in Sources */ = {isa = PBXBuildFile; fileRef = BF1FDCB31E40AAB1009E2B89 /* CustomCheckBox.swift */; };
		BF1FDCBB1E40E641009E2B89 /* UserTableViewCell.swift in Sources */ = {isa = PBXBuildFile; fileRef = BF1FDCB91E40E641009E2B89 /* UserTableViewCell.swift */; };
		BF1FDCBC1E40E641009E2B89 /* UserTableViewCell.xib in Resources */ = {isa = PBXBuildFile; fileRef = BF1FDCBA1E40E641009E2B89 /* UserTableViewCell.xib */; };
		BF1FDCBE1E40EAEC009E2B89 /* StudentListView.swift in Sources */ = {isa = PBXBuildFile; fileRef = BF1FDCBD1E40EAEC009E2B89 /* StudentListView.swift */; };
		BF3E6C491E2BCC250014F4D4 /* Utilities.swift in Sources */ = {isa = PBXBuildFile; fileRef = BF3E6C481E2BCC250014F4D4 /* Utilities.swift */; };
		BF4E76AD1E92832F003BDB0E /* CaseDetailViewController.swift in Sources */ = {isa = PBXBuildFile; fileRef = BF4E76AC1E92832F003BDB0E /* CaseDetailViewController.swift */; };
		BF4E76AF1E935B55003BDB0E /* FirebaseManager.swift in Sources */ = {isa = PBXBuildFile; fileRef = BF4E76AE1E935B55003BDB0E /* FirebaseManager.swift */; };
		BF53151F1E76D72F00F4CE44 /* PlistAttributeManager.swift in Sources */ = {isa = PBXBuildFile; fileRef = BF53151E1E76D72F00F4CE44 /* PlistAttributeManager.swift */; };
		BF5315211E7E81BF00F4CE44 /* AppGlobalConfig.swift in Sources */ = {isa = PBXBuildFile; fileRef = BF5315201E7E81BF00F4CE44 /* AppGlobalConfig.swift */; };
		BF73D1F81E23EBE30054EFB4 /* CreateAccountViewController.swift in Sources */ = {isa = PBXBuildFile; fileRef = BF73D1F71E23EBE30054EFB4 /* CreateAccountViewController.swift */; };
		BF9611821E8959B300873385 /* PostCaseViewController.swift in Sources */ = {isa = PBXBuildFile; fileRef = BF9611811E8959B300873385 /* PostCaseViewController.swift */; };
		BFE476661E4099CB00931111 /* Checked.png in Resources */ = {isa = PBXBuildFile; fileRef = BFE476641E4099CB00931111 /* Checked.png */; };
		BFE476671E4099CB00931111 /* Unchecked.png in Resources */ = {isa = PBXBuildFile; fileRef = BFE476651E4099CB00931111 /* Unchecked.png */; };
		BFE621E81E473CAF000E639E /* EditAccount.storyboard in Resources */ = {isa = PBXBuildFile; fileRef = BFE621E71E473CAF000E639E /* EditAccount.storyboard */; };
		BFE621EA1E473D30000E639E /* EditAccountViewController.swift in Sources */ = {isa = PBXBuildFile; fileRef = BFE621E91E473D30000E639E /* EditAccountViewController.swift */; };
		BFEBBDFB1E4186F00062936D /* TeacherListView.swift in Sources */ = {isa = PBXBuildFile; fileRef = BFEBBDFA1E4186F00062936D /* TeacherListView.swift */; };
		BFEBBDFD1E4194450062936D /* PreviousPage.png in Resources */ = {isa = PBXBuildFile; fileRef = BFEBBDFC1E4194450062936D /* PreviousPage.png */; };
		BFF364631E2B8E5000D6728E /* GoogleService-Info.plist in Resources */ = {isa = PBXBuildFile; fileRef = BFF364621E2B8E5000D6728E /* GoogleService-Info.plist */; };
		BFF3BCCF1E16A35E006E5067 /* AppDelegate.swift in Sources */ = {isa = PBXBuildFile; fileRef = BFF3BCCE1E16A35E006E5067 /* AppDelegate.swift */; };
		BFF3BCD11E16A35E006E5067 /* LoginViewController.swift in Sources */ = {isa = PBXBuildFile; fileRef = BFF3BCD01E16A35E006E5067 /* LoginViewController.swift */; };
		BFF3BCD71E16A35E006E5067 /* NTU_Tutor.xcdatamodeld in Sources */ = {isa = PBXBuildFile; fileRef = BFF3BCD51E16A35E006E5067 /* NTU_Tutor.xcdatamodeld */; };
		BFF3BCD91E16A35E006E5067 /* Assets.xcassets in Resources */ = {isa = PBXBuildFile; fileRef = BFF3BCD81E16A35E006E5067 /* Assets.xcassets */; };
		BFF3BCEA1E16B9DF006E5067 /* Main.storyboard in Resources */ = {isa = PBXBuildFile; fileRef = BFF3BCE81E16B9DF006E5067 /* Main.storyboard */; };
		BFF3BCEC1E16BDDF006E5067 /* AccountViewController.swift in Sources */ = {isa = PBXBuildFile; fileRef = BFF3BCEB1E16BDDF006E5067 /* AccountViewController.swift */; };
		BFF3BCEF1E172BD7006E5067 /* AccountPage.storyboard in Resources */ = {isa = PBXBuildFile; fileRef = BFF3BCED1E172BD7006E5067 /* AccountPage.storyboard */; };
		BFF3BCF11E1A0E31006E5067 /* AppStringTable.plist in Resources */ = {isa = PBXBuildFile; fileRef = BFF3BCF01E1A0E31006E5067 /* AppStringTable.plist */; };
		BFF3BD0B1E23E5CE006E5067 /* CreateAccount.storyboard in Resources */ = {isa = PBXBuildFile; fileRef = BFF3BD0A1E23E5CE006E5067 /* CreateAccount.storyboard */; };
		F70F42E709230DDF95E4BBEE /* Pods_NTU_Tutor.framework in Frameworks */ = {isa = PBXBuildFile; fileRef = 3BA4D2EAE79DFD4E25CB2563 /* Pods_NTU_Tutor.framework */; };
/* End PBXBuildFile section */

/* Begin PBXFileReference section */
		3BA4D2EAE79DFD4E25CB2563 /* Pods_NTU_Tutor.framework */ = {isa = PBXFileReference; explicitFileType = wrapper.framework; includeInIndex = 0; path = Pods_NTU_Tutor.framework; sourceTree = BUILT_PRODUCTS_DIR; };
		81A36E32C9295BDDF13FD157 /* Pods-NTU-Tutor.debug.xcconfig */ = {isa = PBXFileReference; includeInIndex = 1; lastKnownFileType = text.xcconfig; name = "Pods-NTU-Tutor.debug.xcconfig"; path = "Pods/Target Support Files/Pods-NTU-Tutor/Pods-NTU-Tutor.debug.xcconfig"; sourceTree = "<group>"; };
		895D59DAAED2589A5729206B /* Pods-NTU-Tutor.release.xcconfig */ = {isa = PBXFileReference; includeInIndex = 1; lastKnownFileType = text.xcconfig; name = "Pods-NTU-Tutor.release.xcconfig"; path = "Pods/Target Support Files/Pods-NTU-Tutor/Pods-NTU-Tutor.release.xcconfig"; sourceTree = "<group>"; };
		BF1AC6481E87E12700BD1021 /* StudentAccountViewController.swift */ = {isa = PBXFileReference; fileEncoding = 4; lastKnownFileType = sourcecode.swift; path = StudentAccountViewController.swift; sourceTree = "<group>"; };
		BF1AC64A1E87E15000BD1021 /* TeacherAccountViewController.swift */ = {isa = PBXFileReference; fileEncoding = 4; lastKnownFileType = sourcecode.swift; path = TeacherAccountViewController.swift; sourceTree = "<group>"; };
		BF1FDCB31E40AAB1009E2B89 /* CustomCheckBox.swift */ = {isa = PBXFileReference; fileEncoding = 4; lastKnownFileType = sourcecode.swift; name = CustomCheckBox.swift; path = "UI Files/CustomCheckBox.swift"; sourceTree = "<group>"; };
		BF1FDCB91E40E641009E2B89 /* UserTableViewCell.swift */ = {isa = PBXFileReference; fileEncoding = 4; lastKnownFileType = sourcecode.swift; name = UserTableViewCell.swift; path = "UI Files/UserTableViewCell.swift"; sourceTree = "<group>"; };
		BF1FDCBA1E40E641009E2B89 /* UserTableViewCell.xib */ = {isa = PBXFileReference; fileEncoding = 4; lastKnownFileType = file.xib; name = UserTableViewCell.xib; path = "UI Files/UserTableViewCell.xib"; sourceTree = "<group>"; };
		BF1FDCBD1E40EAEC009E2B89 /* StudentListView.swift */ = {isa = PBXFileReference; fileEncoding = 4; lastKnownFileType = sourcecode.swift; path = StudentListView.swift; sourceTree = "<group>"; };
		BF3E6C481E2BCC250014F4D4 /* Utilities.swift */ = {isa = PBXFileReference; fileEncoding = 4; lastKnownFileType = sourcecode.swift; path = Utilities.swift; sourceTree = "<group>"; };
		BF4E76AC1E92832F003BDB0E /* CaseDetailViewController.swift */ = {isa = PBXFileReference; fileEncoding = 4; lastKnownFileType = sourcecode.swift; path = CaseDetailViewController.swift; sourceTree = "<group>"; };
		BF4E76AE1E935B55003BDB0E /* FirebaseManager.swift */ = {isa = PBXFileReference; fileEncoding = 4; lastKnownFileType = sourcecode.swift; path = FirebaseManager.swift; sourceTree = "<group>"; };
		BF53151E1E76D72F00F4CE44 /* PlistAttributeManager.swift */ = {isa = PBXFileReference; fileEncoding = 4; lastKnownFileType = sourcecode.swift; path = PlistAttributeManager.swift; sourceTree = "<group>"; };
		BF5315201E7E81BF00F4CE44 /* AppGlobalConfig.swift */ = {isa = PBXFileReference; fileEncoding = 4; lastKnownFileType = sourcecode.swift; name = AppGlobalConfig.swift; path = ../AppGlobalConfig.swift; sourceTree = "<group>"; };
		BF73D1F71E23EBE30054EFB4 /* CreateAccountViewController.swift */ = {isa = PBXFileReference; fileEncoding = 4; lastKnownFileType = sourcecode.swift; path = CreateAccountViewController.swift; sourceTree = "<group>"; };
		BF9611811E8959B300873385 /* PostCaseViewController.swift */ = {isa = PBXFileReference; fileEncoding = 4; lastKnownFileType = sourcecode.swift; path = PostCaseViewController.swift; sourceTree = "<group>"; };
		BFE476641E4099CB00931111 /* Checked.png */ = {isa = PBXFileReference; lastKnownFileType = image.png; name = Checked.png; path = "UI Files/Checked.png"; sourceTree = "<group>"; };
		BFE476651E4099CB00931111 /* Unchecked.png */ = {isa = PBXFileReference; lastKnownFileType = image.png; name = Unchecked.png; path = "UI Files/Unchecked.png"; sourceTree = "<group>"; };
		BFE621E71E473CAF000E639E /* EditAccount.storyboard */ = {isa = PBXFileReference; fileEncoding = 4; lastKnownFileType = file.storyboard; path = EditAccount.storyboard; sourceTree = "<group>"; };
		BFE621E91E473D30000E639E /* EditAccountViewController.swift */ = {isa = PBXFileReference; fileEncoding = 4; lastKnownFileType = sourcecode.swift; path = EditAccountViewController.swift; sourceTree = "<group>"; };
		BFEBBDFA1E4186F00062936D /* TeacherListView.swift */ = {isa = PBXFileReference; fileEncoding = 4; lastKnownFileType = sourcecode.swift; path = TeacherListView.swift; sourceTree = "<group>"; };
		BFEBBDFC1E4194450062936D /* PreviousPage.png */ = {isa = PBXFileReference; lastKnownFileType = image.png; name = PreviousPage.png; path = icons/PreviousPage.png; sourceTree = "<group>"; };
		BFF364621E2B8E5000D6728E /* GoogleService-Info.plist */ = {isa = PBXFileReference; fileEncoding = 4; lastKnownFileType = text.plist.xml; path = "GoogleService-Info.plist"; sourceTree = "<group>"; };
		BFF3BCCB1E16A35E006E5067 /* NTU-Tutor.app */ = {isa = PBXFileReference; explicitFileType = wrapper.application; includeInIndex = 0; path = "NTU-Tutor.app"; sourceTree = BUILT_PRODUCTS_DIR; };
		BFF3BCCE1E16A35E006E5067 /* AppDelegate.swift */ = {isa = PBXFileReference; lastKnownFileType = sourcecode.swift; path = AppDelegate.swift; sourceTree = "<group>"; };
		BFF3BCD01E16A35E006E5067 /* LoginViewController.swift */ = {isa = PBXFileReference; lastKnownFileType = sourcecode.swift; path = LoginViewController.swift; sourceTree = "<group>"; };
		BFF3BCD61E16A35E006E5067 /* NTU_Tutor.xcdatamodel */ = {isa = PBXFileReference; lastKnownFileType = wrapper.xcdatamodel; path = NTU_Tutor.xcdatamodel; sourceTree = "<group>"; };
		BFF3BCD81E16A35E006E5067 /* Assets.xcassets */ = {isa = PBXFileReference; lastKnownFileType = folder.assetcatalog; path = Assets.xcassets; sourceTree = "<group>"; };
		BFF3BCDD1E16A35E006E5067 /* Info.plist */ = {isa = PBXFileReference; lastKnownFileType = text.plist.xml; path = Info.plist; sourceTree = "<group>"; };
		BFF3BCE91E16B9DF006E5067 /* Base */ = {isa = PBXFileReference; lastKnownFileType = file.storyboard; name = Base; path = Base.lproj/Main.storyboard; sourceTree = "<group>"; };
		BFF3BCEB1E16BDDF006E5067 /* AccountViewController.swift */ = {isa = PBXFileReference; fileEncoding = 4; lastKnownFileType = sourcecode.swift; path = AccountViewController.swift; sourceTree = "<group>"; };
		BFF3BCEE1E172BD7006E5067 /* Base */ = {isa = PBXFileReference; lastKnownFileType = file.storyboard; name = Base; path = Base.lproj/AccountPage.storyboard; sourceTree = "<group>"; };
		BFF3BCF01E1A0E31006E5067 /* AppStringTable.plist */ = {isa = PBXFileReference; fileEncoding = 4; lastKnownFileType = text.plist.xml; path = AppStringTable.plist; sourceTree = "<group>"; };
		BFF3BD0A1E23E5CE006E5067 /* CreateAccount.storyboard */ = {isa = PBXFileReference; fileEncoding = 4; lastKnownFileType = file.storyboard; path = CreateAccount.storyboard; sourceTree = "<group>"; };
/* End PBXFileReference section */

/* Begin PBXFrameworksBuildPhase section */
		BFF3BCC81E16A35E006E5067 /* Frameworks */ = {
			isa = PBXFrameworksBuildPhase;
			buildActionMask = 2147483647;
			files = (
				F70F42E709230DDF95E4BBEE /* Pods_NTU_Tutor.framework in Frameworks */,
			);
			runOnlyForDeploymentPostprocessing = 0;
		};
/* End PBXFrameworksBuildPhase section */

/* Begin PBXGroup section */
		1B51E169D1995E9014B0FEA3 /* Frameworks */ = {
			isa = PBXGroup;
			children = (
				3BA4D2EAE79DFD4E25CB2563 /* Pods_NTU_Tutor.framework */,
			);
			name = Frameworks;
			sourceTree = "<group>";
		};
		BFE476591E40975500931111 /* UI Files */ = {
			isa = PBXGroup;
			children = (
				BFEBBDFC1E4194450062936D /* PreviousPage.png */,
				BFE476641E4099CB00931111 /* Checked.png */,
				BFE476651E4099CB00931111 /* Unchecked.png */,
				BF1FDCB31E40AAB1009E2B89 /* CustomCheckBox.swift */,
				BF1FDCB91E40E641009E2B89 /* UserTableViewCell.swift */,
				BF1FDCBA1E40E641009E2B89 /* UserTableViewCell.xib */,
			);
			name = "UI Files";
			sourceTree = "<group>";
		};
		BFE621E41E473A36000E639E /* Controller */ = {
			isa = PBXGroup;
			children = (
				BFF3BCD01E16A35E006E5067 /* LoginViewController.swift */,
				BF73D1F71E23EBE30054EFB4 /* CreateAccountViewController.swift */,
				BFF3BCEB1E16BDDF006E5067 /* AccountViewController.swift */,
				BF1FDCBD1E40EAEC009E2B89 /* StudentListView.swift */,
				BFEBBDFA1E4186F00062936D /* TeacherListView.swift */,
				BFE621E91E473D30000E639E /* EditAccountViewController.swift */,
				BF1AC6481E87E12700BD1021 /* StudentAccountViewController.swift */,
				BF1AC64A1E87E15000BD1021 /* TeacherAccountViewController.swift */,
				BF9611811E8959B300873385 /* PostCaseViewController.swift */,
				BF4E76AC1E92832F003BDB0E /* CaseDetailViewController.swift */,
			);
			name = Controller;
			sourceTree = "<group>";
		};
		BFE621E51E473A4C000E639E /* View */ = {
			isa = PBXGroup;
			children = (
				BFF3BCE81E16B9DF006E5067 /* Main.storyboard */,
				BFF3BCED1E172BD7006E5067 /* AccountPage.storyboard */,
				BFF3BD0A1E23E5CE006E5067 /* CreateAccount.storyboard */,
				BFE621E71E473CAF000E639E /* EditAccount.storyboard */,
			);
			name = View;
			sourceTree = "<group>";
		};
		BFE621E61E473A58000E639E /* Model */ = {
			isa = PBXGroup;
			children = (
				BF4E76AE1E935B55003BDB0E /* FirebaseManager.swift */,
			);
			name = Model;
			sourceTree = "<group>";
		};
		BFF3BCC21E16A35E006E5067 = {
			isa = PBXGroup;
			children = (
				BFE476591E40975500931111 /* UI Files */,
				BFF3BCCD1E16A35E006E5067 /* NTU-Tutor */,
				BFF3BCCC1E16A35E006E5067 /* Products */,
				F212F9700DD5DC22D344D2C2 /* Pods */,
				1B51E169D1995E9014B0FEA3 /* Frameworks */,
				BFF364621E2B8E5000D6728E /* GoogleService-Info.plist */,
			);
			sourceTree = "<group>";
		};
		BFF3BCCC1E16A35E006E5067 /* Products */ = {
			isa = PBXGroup;
			children = (
				BFF3BCCB1E16A35E006E5067 /* NTU-Tutor.app */,
			);
			name = Products;
			sourceTree = "<group>";
		};
		BFF3BCCD1E16A35E006E5067 /* NTU-Tutor */ = {
			isa = PBXGroup;
			children = (
				BFE621E61E473A58000E639E /* Model */,
				BFE621E51E473A4C000E639E /* View */,
				BFE621E41E473A36000E639E /* Controller */,
				BFF3BCCE1E16A35E006E5067 /* AppDelegate.swift */,
				BFF3BCD81E16A35E006E5067 /* Assets.xcassets */,
				BFF3BCDD1E16A35E006E5067 /* Info.plist */,
				BFF3BCD51E16A35E006E5067 /* NTU_Tutor.xcdatamodeld */,
				BFF3BCF01E1A0E31006E5067 /* AppStringTable.plist */,
				BF5315201E7E81BF00F4CE44 /* AppGlobalConfig.swift */,
				BF3E6C481E2BCC250014F4D4 /* Utilities.swift */,
				BF53151E1E76D72F00F4CE44 /* PlistAttributeManager.swift */,
			);
			path = "NTU-Tutor";
			sourceTree = "<group>";
		};
		F212F9700DD5DC22D344D2C2 /* Pods */ = {
			isa = PBXGroup;
			children = (
				81A36E32C9295BDDF13FD157 /* Pods-NTU-Tutor.debug.xcconfig */,
				895D59DAAED2589A5729206B /* Pods-NTU-Tutor.release.xcconfig */,
			);
			name = Pods;
			sourceTree = "<group>";
		};
/* End PBXGroup section */

/* Begin PBXNativeTarget section */
		BFF3BCCA1E16A35E006E5067 /* NTU-Tutor */ = {
			isa = PBXNativeTarget;
			buildConfigurationList = BFF3BCE01E16A35E006E5067 /* Build configuration list for PBXNativeTarget "NTU-Tutor" */;
			buildPhases = (
				2B4F767CF4142EE84940DD14 /* [CP] Check Pods Manifest.lock */,
				BFF3BCC71E16A35E006E5067 /* Sources */,
				BFF3BCC81E16A35E006E5067 /* Frameworks */,
				BFF3BCC91E16A35E006E5067 /* Resources */,
				DD4F057DC2BFB2742A50FDC6 /* [CP] Embed Pods Frameworks */,
				3E4AEBF2760899F1257910E7 /* [CP] Copy Pods Resources */,
			);
			buildRules = (
			);
			dependencies = (
			);
			name = "NTU-Tutor";
			productName = "NTU-Tutor";
			productReference = BFF3BCCB1E16A35E006E5067 /* NTU-Tutor.app */;
			productType = "com.apple.product-type.application";
		};
/* End PBXNativeTarget section */

/* Begin PBXProject section */
		BFF3BCC31E16A35E006E5067 /* Project object */ = {
			isa = PBXProject;
			attributes = {
				LastSwiftUpdateCheck = 0820;
				LastUpgradeCheck = 0820;
				ORGANIZATIONNAME = "Louis's Mac";
				TargetAttributes = {
					BFF3BCCA1E16A35E006E5067 = {
						CreatedOnToolsVersion = 8.2;
						DevelopmentTeam = N3L4FSWQC8;
						ProvisioningStyle = Automatic;
					};
				};
			};
			buildConfigurationList = BFF3BCC61E16A35E006E5067 /* Build configuration list for PBXProject "NTU-Tutor" */;
			compatibilityVersion = "Xcode 3.2";
			developmentRegion = English;
			hasScannedForEncodings = 0;
			knownRegions = (
				en,
				Base,
			);
			mainGroup = BFF3BCC21E16A35E006E5067;
			productRefGroup = BFF3BCCC1E16A35E006E5067 /* Products */;
			projectDirPath = "";
			projectRoot = "";
			targets = (
				BFF3BCCA1E16A35E006E5067 /* NTU-Tutor */,
			);
		};
/* End PBXProject section */

/* Begin PBXResourcesBuildPhase section */
		BFF3BCC91E16A35E006E5067 /* Resources */ = {
			isa = PBXResourcesBuildPhase;
			buildActionMask = 2147483647;
			files = (
				BFF3BCD91E16A35E006E5067 /* Assets.xcassets in Resources */,
				BFE476671E4099CB00931111 /* Unchecked.png in Resources */,
				BFE621E81E473CAF000E639E /* EditAccount.storyboard in Resources */,
				BFF3BD0B1E23E5CE006E5067 /* CreateAccount.storyboard in Resources */,
				BF1FDCBC1E40E641009E2B89 /* UserTableViewCell.xib in Resources */,
				BFF3BCEA1E16B9DF006E5067 /* Main.storyboard in Resources */,
				BFF3BCF11E1A0E31006E5067 /* AppStringTable.plist in Resources */,
				BFEBBDFD1E4194450062936D /* PreviousPage.png in Resources */,
				BFF3BCEF1E172BD7006E5067 /* AccountPage.storyboard in Resources */,
				BFF364631E2B8E5000D6728E /* GoogleService-Info.plist in Resources */,
				BFE476661E4099CB00931111 /* Checked.png in Resources */,
			);
			runOnlyForDeploymentPostprocessing = 0;
		};
/* End PBXResourcesBuildPhase section */

/* Begin PBXShellScriptBuildPhase section */
		2B4F767CF4142EE84940DD14 /* [CP] Check Pods Manifest.lock */ = {
			isa = PBXShellScriptBuildPhase;
			buildActionMask = 2147483647;
			files = (
			);
			inputPaths = (
			);
			name = "[CP] Check Pods Manifest.lock";
			outputPaths = (
			);
			runOnlyForDeploymentPostprocessing = 0;
			shellPath = /bin/sh;
			shellScript = "diff \"${PODS_ROOT}/../Podfile.lock\" \"${PODS_ROOT}/Manifest.lock\" > /dev/null\nif [ $? != 0 ] ; then\n    # print error to STDERR\n    echo \"error: The sandbox is not in sync with the Podfile.lock. Run 'pod install' or update your CocoaPods installation.\" >&2\n    exit 1\nfi\n";
			showEnvVarsInLog = 0;
		};
		3E4AEBF2760899F1257910E7 /* [CP] Copy Pods Resources */ = {
			isa = PBXShellScriptBuildPhase;
			buildActionMask = 2147483647;
			files = (
			);
			inputPaths = (
			);
			name = "[CP] Copy Pods Resources";
			outputPaths = (
			);
			runOnlyForDeploymentPostprocessing = 0;
			shellPath = /bin/sh;
			shellScript = "\"${SRCROOT}/Pods/Target Support Files/Pods-NTU-Tutor/Pods-NTU-Tutor-resources.sh\"\n";
			showEnvVarsInLog = 0;
		};
		DD4F057DC2BFB2742A50FDC6 /* [CP] Embed Pods Frameworks */ = {
			isa = PBXShellScriptBuildPhase;
			buildActionMask = 2147483647;
			files = (
			);
			inputPaths = (
			);
			name = "[CP] Embed Pods Frameworks";
			outputPaths = (
			);
			runOnlyForDeploymentPostprocessing = 0;
			shellPath = /bin/sh;
			shellScript = "\"${SRCROOT}/Pods/Target Support Files/Pods-NTU-Tutor/Pods-NTU-Tutor-frameworks.sh\"\n";
			showEnvVarsInLog = 0;
		};
/* End PBXShellScriptBuildPhase section */

/* Begin PBXSourcesBuildPhase section */
		BFF3BCC71E16A35E006E5067 /* Sources */ = {
			isa = PBXSourcesBuildPhase;
			buildActionMask = 2147483647;
			files = (
				BF3E6C491E2BCC250014F4D4 /* Utilities.swift in Sources */,
				BF53151F1E76D72F00F4CE44 /* PlistAttributeManager.swift in Sources */,
				BF1AC6491E87E12700BD1021 /* StudentAccountViewController.swift in Sources */,
				BFF3BCEC1E16BDDF006E5067 /* AccountViewController.swift in Sources */,
				BF73D1F81E23EBE30054EFB4 /* CreateAccountViewController.swift in Sources */,
				BF1FDCB41E40AAB1009E2B89 /* CustomCheckBox.swift in Sources */,
				BF5315211E7E81BF00F4CE44 /* AppGlobalConfig.swift in Sources */,
				BF1FDCBB1E40E641009E2B89 /* UserTableViewCell.swift in Sources */,
				BF9611821E8959B300873385 /* PostCaseViewController.swift in Sources */,
				BFE621EA1E473D30000E639E /* EditAccountViewController.swift in Sources */,
				BF1AC64B1E87E15000BD1021 /* TeacherAccountViewController.swift in Sources */,
				BFF3BCD11E16A35E006E5067 /* LoginViewController.swift in Sources */,
				BFF3BCD71E16A35E006E5067 /* NTU_Tutor.xcdatamodeld in Sources */,
				BFEBBDFB1E4186F00062936D /* TeacherListView.swift in Sources */,
				BF4E76AF1E935B55003BDB0E /* FirebaseManager.swift in Sources */,
				BF4E76AD1E92832F003BDB0E /* CaseDetailViewController.swift in Sources */,
				BFF3BCCF1E16A35E006E5067 /* AppDelegate.swift in Sources */,
				BF1FDCBE1E40EAEC009E2B89 /* StudentListView.swift in Sources */,
			);
			runOnlyForDeploymentPostprocessing = 0;
		};
/* End PBXSourcesBuildPhase section */

/* Begin PBXVariantGroup section */
		BFF3BCE81E16B9DF006E5067 /* Main.storyboard */ = {
			isa = PBXVariantGroup;
			children = (
				BFF3BCE91E16B9DF006E5067 /* Base */,
			);
			name = Main.storyboard;
			sourceTree = "<group>";
		};
		BFF3BCED1E172BD7006E5067 /* AccountPage.storyboard */ = {
			isa = PBXVariantGroup;
			children = (
				BFF3BCEE1E172BD7006E5067 /* Base */,
			);
			name = AccountPage.storyboard;
			sourceTree = "<group>";
		};
/* End PBXVariantGroup section */

/* Begin XCBuildConfiguration section */
		BFF3BCDE1E16A35E006E5067 /* Debug */ = {
			isa = XCBuildConfiguration;
			buildSettings = {
				ALWAYS_SEARCH_USER_PATHS = NO;
				CLANG_ANALYZER_NONNULL = YES;
				CLANG_CXX_LANGUAGE_STANDARD = "gnu++0x";
				CLANG_CXX_LIBRARY = "libc++";
				CLANG_ENABLE_MODULES = YES;
				CLANG_ENABLE_OBJC_ARC = YES;
				CLANG_WARN_BOOL_CONVERSION = YES;
				CLANG_WARN_CONSTANT_CONVERSION = YES;
				CLANG_WARN_DIRECT_OBJC_ISA_USAGE = YES_ERROR;
				CLANG_WARN_DOCUMENTATION_COMMENTS = YES;
				CLANG_WARN_EMPTY_BODY = YES;
				CLANG_WARN_ENUM_CONVERSION = YES;
				CLANG_WARN_INFINITE_RECURSION = YES;
				CLANG_WARN_INT_CONVERSION = YES;
				CLANG_WARN_OBJC_ROOT_CLASS = YES_ERROR;
				CLANG_WARN_SUSPICIOUS_MOVE = YES;
				CLANG_WARN_UNREACHABLE_CODE = YES;
				CLANG_WARN__DUPLICATE_METHOD_MATCH = YES;
				CODE_SIGN_IDENTITY = "iPhone Developer";
				"CODE_SIGN_IDENTITY[sdk=iphoneos*]" = "iPhone Developer";
				COPY_PHASE_STRIP = NO;
				DEBUG_INFORMATION_FORMAT = dwarf;
				ENABLE_STRICT_OBJC_MSGSEND = YES;
				ENABLE_TESTABILITY = YES;
				GCC_C_LANGUAGE_STANDARD = gnu99;
				GCC_DYNAMIC_NO_PIC = NO;
				GCC_NO_COMMON_BLOCKS = YES;
				GCC_OPTIMIZATION_LEVEL = 0;
				GCC_PREPROCESSOR_DEFINITIONS = (
					"DEBUG=1",
					"$(inherited)",
				);
				GCC_WARN_64_TO_32_BIT_CONVERSION = YES;
				GCC_WARN_ABOUT_RETURN_TYPE = YES_ERROR;
				GCC_WARN_UNDECLARED_SELECTOR = YES;
				GCC_WARN_UNINITIALIZED_AUTOS = YES_AGGRESSIVE;
				GCC_WARN_UNUSED_FUNCTION = YES;
				GCC_WARN_UNUSED_VARIABLE = YES;
				IPHONEOS_DEPLOYMENT_TARGET = 10.2;
				MTL_ENABLE_DEBUG_INFO = YES;
				ONLY_ACTIVE_ARCH = YES;
				SDKROOT = iphoneos;
				SWIFT_ACTIVE_COMPILATION_CONDITIONS = DEBUG;
				SWIFT_OPTIMIZATION_LEVEL = "-Onone";
				TARGETED_DEVICE_FAMILY = "1,2";
			};
			name = Debug;
		};
		BFF3BCDF1E16A35E006E5067 /* Release */ = {
			isa = XCBuildConfiguration;
			buildSettings = {
				ALWAYS_SEARCH_USER_PATHS = NO;
				CLANG_ANALYZER_NONNULL = YES;
				CLANG_CXX_LANGUAGE_STANDARD = "gnu++0x";
				CLANG_CXX_LIBRARY = "libc++";
				CLANG_ENABLE_MODULES = YES;
				CLANG_ENABLE_OBJC_ARC = YES;
				CLANG_WARN_BOOL_CONVERSION = YES;
				CLANG_WARN_CONSTANT_CONVERSION = YES;
				CLANG_WARN_DIRECT_OBJC_ISA_USAGE = YES_ERROR;
				CLANG_WARN_DOCUMENTATION_COMMENTS = YES;
				CLANG_WARN_EMPTY_BODY = YES;
				CLANG_WARN_ENUM_CONVERSION = YES;
				CLANG_WARN_INFINITE_RECURSION = YES;
				CLANG_WARN_INT_CONVERSION = YES;
				CLANG_WARN_OBJC_ROOT_CLASS = YES_ERROR;
				CLANG_WARN_SUSPICIOUS_MOVE = YES;
				CLANG_WARN_UNREACHABLE_CODE = YES;
				CLANG_WARN__DUPLICATE_METHOD_MATCH = YES;
				CODE_SIGN_IDENTITY = "iPhone Developer";
				"CODE_SIGN_IDENTITY[sdk=iphoneos*]" = "iPhone Developer";
				COPY_PHASE_STRIP = NO;
				DEBUG_INFORMATION_FORMAT = "dwarf-with-dsym";
				ENABLE_NS_ASSERTIONS = NO;
				ENABLE_STRICT_OBJC_MSGSEND = YES;
				GCC_C_LANGUAGE_STANDARD = gnu99;
				GCC_NO_COMMON_BLOCKS = YES;
				GCC_WARN_64_TO_32_BIT_CONVERSION = YES;
				GCC_WARN_ABOUT_RETURN_TYPE = YES_ERROR;
				GCC_WARN_UNDECLARED_SELECTOR = YES;
				GCC_WARN_UNINITIALIZED_AUTOS = YES_AGGRESSIVE;
				GCC_WARN_UNUSED_FUNCTION = YES;
				GCC_WARN_UNUSED_VARIABLE = YES;
				IPHONEOS_DEPLOYMENT_TARGET = 10.2;
				MTL_ENABLE_DEBUG_INFO = NO;
				SDKROOT = iphoneos;
				SWIFT_OPTIMIZATION_LEVEL = "-Owholemodule";
				TARGETED_DEVICE_FAMILY = "1,2";
				VALIDATE_PRODUCT = YES;
			};
			name = Release;
		};
		BFF3BCE11E16A35E006E5067 /* Debug */ = {
			isa = XCBuildConfiguration;
			baseConfigurationReference = 81A36E32C9295BDDF13FD157 /* Pods-NTU-Tutor.debug.xcconfig */;
			buildSettings = {
				ASSETCATALOG_COMPILER_APPICON_NAME = AppIcon;
				"CODE_SIGN_IDENTITY[sdk=iphoneos*]" = "iPhone Developer";
				DEVELOPMENT_TEAM = N3L4FSWQC8;
				INFOPLIST_FILE = "NTU-Tutor/Info.plist";
				LD_RUNPATH_SEARCH_PATHS = "$(inherited) @executable_path/Frameworks";
				PRODUCT_BUNDLE_IDENTIFIER = "Louis-s-Mac.NTU-Tutor";
				PRODUCT_NAME = "$(TARGET_NAME)";
				SWIFT_VERSION = 3.0;
			};
			name = Debug;
		};
		BFF3BCE21E16A35E006E5067 /* Release */ = {
			isa = XCBuildConfiguration;
			baseConfigurationReference = 895D59DAAED2589A5729206B /* Pods-NTU-Tutor.release.xcconfig */;
			buildSettings = {
				ASSETCATALOG_COMPILER_APPICON_NAME = AppIcon;
				"CODE_SIGN_IDENTITY[sdk=iphoneos*]" = "iPhone Developer";
				DEVELOPMENT_TEAM = N3L4FSWQC8;
				INFOPLIST_FILE = "NTU-Tutor/Info.plist";
				LD_RUNPATH_SEARCH_PATHS = "$(inherited) @executable_path/Frameworks";
				PRODUCT_BUNDLE_IDENTIFIER = "Louis-s-Mac.NTU-Tutor";
				PRODUCT_NAME = "$(TARGET_NAME)";
				SWIFT_VERSION = 3.0;
			};
			name = Release;
		};
/* End XCBuildConfiguration section */

/* Begin XCConfigurationList section */
		BFF3BCC61E16A35E006E5067 /* Build configuration list for PBXProject "NTU-Tutor" */ = {
			isa = XCConfigurationList;
			buildConfigurations = (
				BFF3BCDE1E16A35E006E5067 /* Debug */,
				BFF3BCDF1E16A35E006E5067 /* Release */,
			);
			defaultConfigurationIsVisible = 0;
			defaultConfigurationName = Release;
		};
		BFF3BCE01E16A35E006E5067 /* Build configuration list for PBXNativeTarget "NTU-Tutor" */ = {
			isa = XCConfigurationList;
			buildConfigurations = (
				BFF3BCE11E16A35E006E5067 /* Debug */,
				BFF3BCE21E16A35E006E5067 /* Release */,
			);
			defaultConfigurationIsVisible = 0;
			defaultConfigurationName = Release;
		};
/* End XCConfigurationList section */

/* Begin XCVersionGroup section */
		BFF3BCD51E16A35E006E5067 /* NTU_Tutor.xcdatamodeld */ = {
			isa = XCVersionGroup;
			children = (
				BFF3BCD61E16A35E006E5067 /* NTU_Tutor.xcdatamodel */,
			);
			currentVersion = BFF3BCD61E16A35E006E5067 /* NTU_Tutor.xcdatamodel */;
			path = NTU_Tutor.xcdatamodeld;
			sourceTree = "<group>";
			versionGroupType = wrapper.xcdatamodel;
		};
/* End XCVersionGroup section */
	};
	rootObject = BFF3BCC31E16A35E006E5067 /* Project object */;
}
